
Microsoft Visual Studio Solution File, Format Version 12.00
# Visual Studio Version 17
VisualStudioVersion = 17.12.35527.113
MinimumVisualStudioVersion = 10.0.40219.1
Project("{FAE04EC0-301F-11D3-BF4B-00C04F79EFBC}") = "Task 3.3.2", "Task 3.3\Task 3.3.2.csproj", "{BE90C39B-1A20-420B-8AD9-461D82F06E02}"
EndProject
Project("{FAE04EC0-301F-11D3-BF4B-00C04F79EFBC}") = "Task3.3.3", "Task3.3.3\Task3.3.3.csproj", "{C11ACDAE-23D2-4C50-A468-A548C3E631F0}"
EndProject
Global
	GlobalSection(SolutionConfigurationPlatforms) = preSolution
		Debug|Any CPU = Debug|Any CPU
		Release|Any CPU = Release|Any CPU
	EndGlobalSection
	GlobalSection(ProjectConfigurationPlatforms) = postSolution
		{BE90C39B-1A20-420B-8AD9-461D82F06E02}.Debug|Any CPU.ActiveCfg = Debug|Any CPU
		{BE90C39B-1A20-420B-8AD9-461D82F06E02}.Debug|Any CPU.Build.0 = Debug|Any CPU
		{BE90C39B-1A20-420B-8AD9-461D82F06E02}.Release|Any CPU.ActiveCfg = Release|Any CPU
		{BE90C39B-1A20-420B-8AD9-461D82F06E02}.Release|Any CPU.Build.0 = Release|Any CPU
		{C11ACDAE-23D2-4C50-A468-A548C3E631F0}.Debug|Any CPU.ActiveCfg = Debug|Any CPU
		{C11ACDAE-23D2-4C50-A468-A548C3E631F0}.Debug|Any CPU.Build.0 = Debug|Any CPU
		{C11ACDAE-23D2-4C50-A468-A548C3E631F0}.Release|Any CPU.ActiveCfg = Release|Any CPU
		{C11ACDAE-23D2-4C50-A468-A548C3E631F0}.Release|Any CPU.Build.0 = Release|Any CPU
	EndGlobalSection
	GlobalSection(SolutionProperties) = preSolution
		HideSolutionNode = FALSE
	EndGlobalSection
EndGlobal
