
Microsoft Visual Studio Solution File, Format Version 12.00
# Visual Studio Version 17
VisualStudioVersion = 17.12.35527.113
MinimumVisualStudioVersion = 10.0.40219.1
Project("{FAE04EC0-301F-11D3-BF4B-00C04F79EFBC}") = "Task 3.3.2", "Task 3.3\Task 3.3.2.csproj", "{BE90C39B-1A20-420B-8AD9-461D82F06E02}"
EndProject
Project("{FAE04EC0-301F-11D3-BF4B-00C04F79EFBC}") = "Task3.3.3", "Task3.3.3\Task3.3.3.csproj", "{C11ACDAE-23D2-4C50-A468-A548C3E631F0}"
EndProject
Project("{FAE04EC0-301F-11D3-BF4B-00C04F79EFBC}") = "Task3.3.4", "Task3.3.4\Task3.3.4.csproj", "{A0EC0CCA-B17E-4178-9F4B-3324A7A034D9}"
EndProject
Project("{FAE04EC0-301F-11D3-BF4B-00C04F79EFBC}") = "Task_3.5.4", "Task_3.5.4\Task_3.5.4.csproj", "{9D81B3EF-BBD3-4396-8DDE-37FA0DB7838F}"
EndProject
Project("{FAE04EC0-301F-11D3-BF4B-00C04F79EFBC}") = "Task_3.5.2", "Task_3.5.2\Task_3.5.2.csproj", "{0C5C7D58-5B89-49C8-8A83-3EF4C564EFDA}"
EndProject
Project("{FAE04EC0-301F-11D3-BF4B-00C04F79EFBC}") = "Task_3.9.5", "Task_3.9.5\Task_3.9.5.csproj", "{91B30558-CB09-4951-9223-D1556A129A4A}"
EndProject
Global
	GlobalSection(SolutionConfigurationPlatforms) = preSolution
		Debug|Any CPU = Debug|Any CPU
		Release|Any CPU = Release|Any CPU
	EndGlobalSection
	GlobalSection(ProjectConfigurationPlatforms) = postSolution
		{BE90C39B-1A20-420B-8AD9-461D82F06E02}.Debug|Any CPU.ActiveCfg = Debug|Any CPU
		{BE90C39B-1A20-420B-8AD9-461D82F06E02}.Debug|Any CPU.Build.0 = Debug|Any CPU
		{BE90C39B-1A20-420B-8AD9-461D82F06E02}.Release|Any CPU.ActiveCfg = Release|Any CPU
		{BE90C39B-1A20-420B-8AD9-461D82F06E02}.Release|Any CPU.Build.0 = Release|Any CPU
		{C11ACDAE-23D2-4C50-A468-A548C3E631F0}.Debug|Any CPU.ActiveCfg = Debug|Any CPU
		{C11ACDAE-23D2-4C50-A468-A548C3E631F0}.Debug|Any CPU.Build.0 = Debug|Any CPU
		{C11ACDAE-23D2-4C50-A468-A548C3E631F0}.Release|Any CPU.ActiveCfg = Release|Any CPU
		{C11ACDAE-23D2-4C50-A468-A548C3E631F0}.Release|Any CPU.Build.0 = Release|Any CPU
		{A0EC0CCA-B17E-4178-9F4B-3324A7A034D9}.Debug|Any CPU.ActiveCfg = Debug|Any CPU
		{A0EC0CCA-B17E-4178-9F4B-3324A7A034D9}.Debug|Any CPU.Build.0 = Debug|Any CPU
		{A0EC0CCA-B17E-4178-9F4B-3324A7A034D9}.Release|Any CPU.ActiveCfg = Release|Any CPU
		{A0EC0CCA-B17E-4178-9F4B-3324A7A034D9}.Release|Any CPU.Build.0 = Release|Any CPU
		{9D81B3EF-BBD3-4396-8DDE-37FA0DB7838F}.Debug|Any CPU.ActiveCfg = Debug|Any CPU
		{9D81B3EF-BBD3-4396-8DDE-37FA0DB7838F}.Debug|Any CPU.Build.0 = Debug|Any CPU
		{9D81B3EF-BBD3-4396-8DDE-37FA0DB7838F}.Release|Any CPU.ActiveCfg = Release|Any CPU
		{9D81B3EF-BBD3-4396-8DDE-37FA0DB7838F}.Release|Any CPU.Build.0 = Release|Any CPU
		{0C5C7D58-5B89-49C8-8A83-3EF4C564EFDA}.Debug|Any CPU.ActiveCfg = Debug|Any CPU
		{0C5C7D58-5B89-49C8-8A83-3EF4C564EFDA}.Debug|Any CPU.Build.0 = Debug|Any CPU
		{0C5C7D58-5B89-49C8-8A83-3EF4C564EFDA}.Release|Any CPU.ActiveCfg = Release|Any CPU
		{0C5C7D58-5B89-49C8-8A83-3EF4C564EFDA}.Release|Any CPU.Build.0 = Release|Any CPU
		{91B30558-CB09-4951-9223-D1556A129A4A}.Debug|Any CPU.ActiveCfg = Debug|Any CPU
		{91B30558-CB09-4951-9223-D1556A129A4A}.Debug|Any CPU.Build.0 = Debug|Any CPU
		{91B30558-CB09-4951-9223-D1556A129A4A}.Release|Any CPU.ActiveCfg = Release|Any CPU
		{91B30558-CB09-4951-9223-D1556A129A4A}.Release|Any CPU.Build.0 = Release|Any CPU
	EndGlobalSection
	GlobalSection(SolutionProperties) = preSolution
		HideSolutionNode = FALSE
	EndGlobalSection
EndGlobal
